// !$*UTF8*$!
{
	archiveVersion = 1;
	classes = {
	};
	objectVersion = 77;
	objects = {

/* Begin PBXBuildFile section */
		2E417DC62F1BE61E00D532CD /* kasa1.mp3 in Resources */ = {isa = PBXBuildFile; fileRef = 2E417DA82F1BE61E00D532CD /* kasa1.mp3 */; };
		2E417DC72F1BE61E00D532CD /* kasi11.png in Resources */ = {isa = PBXBuildFile; fileRef = 2E417DC02F1BE61E00D532CD /* kasi11.png */; };
		2E417DC82F1BE61E00D532CD /* kasi13.png in Resources */ = {isa = PBXBuildFile; fileRef = 2E417DC22F1BE61E00D532CD /* kasi13.png */; };
		2E417DC92F1BE61E00D532CD /* kasi4.png in Resources */ = {isa = PBXBuildFile; fileRef = 2E417DB92F1BE61E00D532CD /* kasi4.png */; };
		2E417DCA2F1BE61E00D532CD /* kasi2.png in Resources */ = {isa = PBXBuildFile; fileRef = 2E417DB72F1BE61E00D532CD /* kasi2.png */; };
		2E417DCB2F1BE61E00D532CD /* kasa6.mp3 in Resources */ = {isa = PBXBuildFile; fileRef = 2E417DAD2F1BE61E00D532CD /* kasa6.mp3 */; };
		2E417DCC2F1BE61E00D532CD /* kasa3.mp3 in Resources */ = {isa = PBXBuildFile; fileRef = 2E417DAA2F1BE61E00D532CD /* kasa3.mp3 */; };
		2E417DCD2F1BE61E00D532CD /* kasa8.mp3 in Resources */ = {isa = PBXBuildFile; fileRef = 2E417DAF2F1BE61E00D532CD /* kasa8.mp3 */; };
		2E417DCE2F1BE61E00D532CD /* kasa13.mp3 in Resources */ = {isa = PBXBuildFile; fileRef = 2E417DB42F1BE61E00D532CD /* kasa13.mp3 */; };
		2E417DCF2F1BE61E00D532CD /* kasi12.png in Resources */ = {isa = PBXBuildFile; fileRef = 2E417DC12F1BE61E00D532CD /* kasi12.png */; };
		2E417DD02F1BE61E00D532CD /* kasa2.mp3 in Resources */ = {isa = PBXBuildFile; fileRef = 2E417DA92F1BE61E00D532CD /* kasa2.mp3 */; };
		2E417DD12F1BE61E00D532CD /* kasi1.png in Resources */ = {isa = PBXBuildFile; fileRef = 2E417DB62F1BE61E00D532CD /* kasi1.png */; };
		2E417DD22F1BE61E00D532CD /* kasapedissieru_cover.png in Resources */ = {isa = PBXBuildFile; fileRef = 2E417DC42F1BE61E00D532CD /* kasapedissieru_cover.png */; };
		2E417DD32F1BE61E00D532CD /* kasa11.mp3 in Resources */ = {isa = PBXBuildFile; fileRef = 2E417DB22F1BE61E00D532CD /* kasa11.mp3 */; };
		2E417DD42F1BE61E00D532CD /* kasa7.mp3 in Resources */ = {isa = PBXBuildFile; fileRef = 2E417DAE2F1BE61E00D532CD /* kasa7.mp3 */; };
		2E417DD52F1BE61E00D532CD /* kasi10.png in Resources */ = {isa = PBXBuildFile; fileRef = 2E417DBF2F1BE61E00D532CD /* kasi10.png */; };
		2E417DD62F1BE61E00D532CD /* kasa10.mp3 in Resources */ = {isa = PBXBuildFile; fileRef = 2E417DB12F1BE61E00D532CD /* kasa10.mp3 */; };
		2E417DD72F1BE61E00D532CD /* kasi9.png in Resources */ = {isa = PBXBuildFile; fileRef = 2E417DBE2F1BE61E00D532CD /* kasi9.png */; };
		2E417DD82F1BE61E00D532CD /* kasi8.png in Resources */ = {isa = PBXBuildFile; fileRef = 2E417DBD2F1BE61E00D532CD /* kasi8.png */; };
		2E417DD92F1BE61E00D532CD /* kasi5.png in Resources */ = {isa = PBXBuildFile; fileRef = 2E417DBA2F1BE61E00D532CD /* kasi5.png */; };
		2E417DDA2F1BE61E00D532CD /* kasi7.png in Resources */ = {isa = PBXBuildFile; fileRef = 2E417DBC2F1BE61E00D532CD /* kasi7.png */; };
		2E417DDB2F1BE61E00D532CD /* kasa4.mp3 in Resources */ = {isa = PBXBuildFile; fileRef = 2E417DAB2F1BE61E00D532CD /* kasa4.mp3 */; };
		2E417DDC2F1BE61E00D532CD /* kasa5.mp3 in Resources */ = {isa = PBXBuildFile; fileRef = 2E417DAC2F1BE61E00D532CD /* kasa5.mp3 */; };
		2E417DDD2F1BE61E00D532CD /* kasa9.mp3 in Resources */ = {isa = PBXBuildFile; fileRef = 2E417DB02F1BE61E00D532CD /* kasa9.mp3 */; };
		2E417DDE2F1BE61E00D532CD /* kasa12.mp3 in Resources */ = {isa = PBXBuildFile; fileRef = 2E417DB32F1BE61E00D532CD /* kasa12.mp3 */; };
		2E417DDF2F1BE61E00D532CD /* kasi6.png in Resources */ = {isa = PBXBuildFile; fileRef = 2E417DBB2F1BE61E00D532CD /* kasi6.png */; };
		2E417DE02F1BE61E00D532CD /* kasi3.png in Resources */ = {isa = PBXBuildFile; fileRef = 2E417DB82F1BE61E00D532CD /* kasi3.png */; };
		2E417DFD2F1BE7C000D532CD /* zpa6.mp3 in Resources */ = {isa = PBXBuildFile; fileRef = 2E417DE62F1BE7C000D532CD /* zpa6.mp3 */; };
		2E417DFE2F1BE7C000D532CD /* zpi3.png in Resources */ = {isa = PBXBuildFile; fileRef = 2E417DF02F1BE7C000D532CD /* zpi3.png */; };
		2E417DFF2F1BE7C000D532CD /* zpa1.mp3 in Resources */ = {isa = PBXBuildFile; fileRef = 2E417DE12F1BE7C000D532CD /* zpa1.mp3 */; };
		2E417E002F1BE7C000D532CD /* zpi6.png in Resources */ = {isa = PBXBuildFile; fileRef = 2E417DF32F1BE7C000D532CD /* zpi6.png */; };
		2E417E012F1BE7C000D532CD /* zpi9.png in Resources */ = {isa = PBXBuildFile; fileRef = 2E417DF62F1BE7C000D532CD /* zpi9.png */; };
		2E417E022F1BE7C000D532CD /* zpa11.mp3 in Resources */ = {isa = PBXBuildFile; fileRef = 2E417DEB2F1BE7C000D532CD /* zpa11.mp3 */; };
		2E417E032F1BE7C000D532CD /* zpa2.mp3 in Resources */ = {isa = PBXBuildFile; fileRef = 2E417DE22F1BE7C000D532CD /* zpa2.mp3 */; };
		2E417E042F1BE7C000D532CD /* zpi1.png in Resources */ = {isa = PBXBuildFile; fileRef = 2E417DEE2F1BE7C000D532CD /* zpi1.png */; };
		2E417E052F1BE7C000D532CD /* zelta_putns_cover.png in Resources */ = {isa = PBXBuildFile; fileRef = 2E417DFB2F1BE7C000D532CD /* zelta_putns_cover.png */; };
		2E417E062F1BE7C000D532CD /* zpi12.png in Resources */ = {isa = PBXBuildFile; fileRef = 2E417DF92F1BE7C000D532CD /* zpi12.png */; };
		2E417E072F1BE7C000D532CD /* zpi5.png in Resources */ = {isa = PBXBuildFile; fileRef = 2E417DF22F1BE7C000D532CD /* zpi5.png */; };
		2E417E082F1BE7C000D532CD /* zpi2.png in Resources */ = {isa = PBXBuildFile; fileRef = 2E417DEF2F1BE7C000D532CD /* zpi2.png */; };
		2E417E092F1BE7C000D532CD /* zpi7.png in Resources */ = {isa = PBXBuildFile; fileRef = 2E417DF42F1BE7C000D532CD /* zpi7.png */; };
		2E417E0A2F1BE7C000D532CD /* zpa5.mp3 in Resources */ = {isa = PBXBuildFile; fileRef = 2E417DE52F1BE7C000D532CD /* zpa5.mp3 */; };
		2E417E0B2F1BE7C000D532CD /* zpa10.mp3 in Resources */ = {isa = PBXBuildFile; fileRef = 2E417DEA2F1BE7C000D532CD /* zpa10.mp3 */; };
		2E417E0C2F1BE7C000D532CD /* zpa7.mp3 in Resources */ = {isa = PBXBuildFile; fileRef = 2E417DE72F1BE7C000D532CD /* zpa7.mp3 */; };
		2E417E0D2F1BE7C000D532CD /* zpi8.png in Resources */ = {isa = PBXBuildFile; fileRef = 2E417DF52F1BE7C000D532CD /* zpi8.png */; };
		2E417E0E2F1BE7C000D532CD /* zpa8.mp3 in Resources */ = {isa = PBXBuildFile; fileRef = 2E417DE82F1BE7C000D532CD /* zpa8.mp3 */; };
		2E417E0F2F1BE7C000D532CD /* zpi10.png in Resources */ = {isa = PBXBuildFile; fileRef = 2E417DF72F1BE7C000D532CD /* zpi10.png */; };
		2E417E102F1BE7C000D532CD /* zpi4.png in Resources */ = {isa = PBXBuildFile; fileRef = 2E417DF12F1BE7C000D532CD /* zpi4.png */; };
		2E417E112F1BE7C000D532CD /* zpa4.mp3 in Resources */ = {isa = PBXBuildFile; fileRef = 2E417DE42F1BE7C000D532CD /* zpa4.mp3 */; };
		2E417E122F1BE7C000D532CD /* zpi11.png in Resources */ = {isa = PBXBuildFile; fileRef = 2E417DF82F1BE7C000D532CD /* zpi11.png */; };
		2E417E132F1BE7C000D532CD /* zpa12.mp3 in Resources */ = {isa = PBXBuildFile; fileRef = 2E417DEC2F1BE7C000D532CD /* zpa12.mp3 */; };
		2E417E142F1BE7C000D532CD /* zpa9.mp3 in Resources */ = {isa = PBXBuildFile; fileRef = 2E417DE92F1BE7C000D532CD /* zpa9.mp3 */; };
		2E417E152F1BE7C000D532CD /* zpa3.mp3 in Resources */ = {isa = PBXBuildFile; fileRef = 2E417DE32F1BE7C000D532CD /* zpa3.mp3 */; };
		2E417E232F1BE8F500D532CD /* BundleImage.swift in Sources */ = {isa = PBXBuildFile; fileRef = 2E417E212F1BE8F500D532CD /* BundleImage.swift */; };
		2E417E242F1BE8F500D532CD /* SlideView.swift in Sources */ = {isa = PBXBuildFile; fileRef = 2E417E1E2F1BE8F500D532CD /* SlideView.swift */; };
		2E417E252F1BE8F500D532CD /* MainView.swift in Sources */ = {isa = PBXBuildFile; fileRef = 2E417E1D2F1BE8F500D532CD /* MainView.swift */; };
		2E417E262F1BE8F500D532CD /* SlideImageView.swift in Sources */ = {isa = PBXBuildFile; fileRef = 2E417E1A2F1BE8F500D532CD /* SlideImageView.swift */; };
		2E417E272F1BE8F500D532CD /* PasakaButton.swift in Sources */ = {isa = PBXBuildFile; fileRef = 2E417E192F1BE8F500D532CD /* PasakaButton.swift */; };
		2E417E282F1BE8F500D532CD /* NavigationButton.swift in Sources */ = {isa = PBXBuildFile; fileRef = 2E417E172F1BE8F500D532CD /* NavigationButton.swift */; };
		2E417E292F1BE8F500D532CD /* PageCurlView.swift in Sources */ = {isa = PBXBuildFile; fileRef = 2E417E182F1BE8F500D532CD /* PageCurlView.swift */; };
		2E417E2A2F1BE8F500D532CD /* StoryMenuView.swift in Sources */ = {isa = PBXBuildFile; fileRef = 2E417E1F2F1BE8F500D532CD /* StoryMenuView.swift */; };
		2E417E2B2F1BE8F500D532CD /* AudioControlButton.swift in Sources */ = {isa = PBXBuildFile; fileRef = 2E417E162F1BE8F500D532CD /* AudioControlButton.swift */; };
		2E417E2C2F1BE8F500D532CD /* StoryThumbnail.swift in Sources */ = {isa = PBXBuildFile; fileRef = 2E417E1B2F1BE8F500D532CD /* StoryThumbnail.swift */; };
		2E5359A82DD0C5DF00DFA931 /* Slide.swift in Sources */ = {isa = PBXBuildFile; fileRef = 2EE8E34C2DCFAA17000C9C40 /* Slide.swift */; };
		2E5359A92DD0C67800DFA931 /* Story.swift in Sources */ = {isa = PBXBuildFile; fileRef = 2EE8E34D2DCFAA3A000C9C40 /* Story.swift */; };
		2E5359AA2DD0C67E00DFA931 /* MockData.swift in Sources */ = {isa = PBXBuildFile; fileRef = 2EE8E34E2DCFAA44000C9C40 /* MockData.swift */; };
		2E5359AB2DD0C84000DFA931 /* UserProgressService.swift in Sources */ = {isa = PBXBuildFile; fileRef = 2EE8E3512DCFAC46000C9C40 /* UserProgressService.swift */; };
		2E5359AC2DD0C84600DFA931 /* StoryService.swift in Sources */ = {isa = PBXBuildFile; fileRef = 2EE8E3502DCFABB8000C9C40 /* StoryService.swift */; };
		2E5359AD2DD0C85900DFA931 /* AudioService.swift in Sources */ = {isa = PBXBuildFile; fileRef = 2EE8E34F2DCFAB63000C9C40 /* AudioService.swift */; };
		2E5359AE2DD0C86F00DFA931 /* StoryListViewModel.swift in Sources */ = {isa = PBXBuildFile; fileRef = 2EE8E3522DCFAC99000C9C40 /* StoryListViewModel.swift */; };
		2E5359AF2DD0C87300DFA931 /* StoryPlayerViewModel.swift in Sources */ = {isa = PBXBuildFile; fileRef = 2EE8E3532DCFACF1000C9C40 /* StoryPlayerViewModel.swift */; };
		2EE8E3322DCFA5E2000C9C40 /* PasakaApp.swift in Sources */ = {isa = PBXBuildFile; fileRef = 2EE8E3312DCFA5E2000C9C40 /* PasakaApp.swift */; };
		2EE8E3672DCFAFAA000C9C40 /* AppCoordinator.swift in Sources */ = {isa = PBXBuildFile; fileRef = 2EE8E3662DCFAFA7000C9C40 /* AppCoordinator.swift */; };
/* End PBXBuildFile section */

/* Begin PBXFileReference section */
		2E417DA82F1BE61E00D532CD /* kasa1.mp3 */ = {isa = PBXFileReference; lastKnownFileType = audio.mp3; path = kasa1.mp3; sourceTree = "<group>"; };
		2E417DA92F1BE61E00D532CD /* kasa2.mp3 */ = {isa = PBXFileReference; lastKnownFileType = audio.mp3; path = kasa2.mp3; sourceTree = "<group>"; };
		2E417DAA2F1BE61E00D532CD /* kasa3.mp3 */ = {isa = PBXFileReference; lastKnownFileType = audio.mp3; path = kasa3.mp3; sourceTree = "<group>"; };
		2E417DAB2F1BE61E00D532CD /* kasa4.mp3 */ = {isa = PBXFileReference; lastKnownFileType = audio.mp3; path = kasa4.mp3; sourceTree = "<group>"; };
		2E417DAC2F1BE61E00D532CD /* kasa5.mp3 */ = {isa = PBXFileReference; lastKnownFileType = audio.mp3; path = kasa5.mp3; sourceTree = "<group>"; };
		2E417DAD2F1BE61E00D532CD /* kasa6.mp3 */ = {isa = PBXFileReference; lastKnownFileType = audio.mp3; path = kasa6.mp3; sourceTree = "<group>"; };
		2E417DAE2F1BE61E00D532CD /* kasa7.mp3 */ = {isa = PBXFileReference; lastKnownFileType = audio.mp3; path = kasa7.mp3; sourceTree = "<group>"; };
		2E417DAF2F1BE61E00D532CD /* kasa8.mp3 */ = {isa = PBXFileReference; lastKnownFileType = audio.mp3; path = kasa8.mp3; sourceTree = "<group>"; };
		2E417DB02F1BE61E00D532CD /* kasa9.mp3 */ = {isa = PBXFileReference; lastKnownFileType = audio.mp3; path = kasa9.mp3; sourceTree = "<group>"; };
		2E417DB12F1BE61E00D532CD /* kasa10.mp3 */ = {isa = PBXFileReference; lastKnownFileType = audio.mp3; path = kasa10.mp3; sourceTree = "<group>"; };
		2E417DB22F1BE61E00D532CD /* kasa11.mp3 */ = {isa = PBXFileReference; lastKnownFileType = audio.mp3; path = kasa11.mp3; sourceTree = "<group>"; };
		2E417DB32F1BE61E00D532CD /* kasa12.mp3 */ = {isa = PBXFileReference; lastKnownFileType = audio.mp3; path = kasa12.mp3; sourceTree = "<group>"; };
		2E417DB42F1BE61E00D532CD /* kasa13.mp3 */ = {isa = PBXFileReference; lastKnownFileType = audio.mp3; path = kasa13.mp3; sourceTree = "<group>"; };
		2E417DB62F1BE61E00D532CD /* kasi1.png */ = {isa = PBXFileReference; lastKnownFileType = image.png; path = kasi1.png; sourceTree = "<group>"; };
		2E417DB72F1BE61E00D532CD /* kasi2.png */ = {isa = PBXFileReference; lastKnownFileType = image.png; path = kasi2.png; sourceTree = "<group>"; };
		2E417DB82F1BE61E00D532CD /* kasi3.png */ = {isa = PBXFileReference; lastKnownFileType = image.png; path = kasi3.png; sourceTree = "<group>"; };
		2E417DB92F1BE61E00D532CD /* kasi4.png */ = {isa = PBXFileReference; lastKnownFileType = image.png; path = kasi4.png; sourceTree = "<group>"; };
		2E417DBA2F1BE61E00D532CD /* kasi5.png */ = {isa = PBXFileReference; lastKnownFileType = image.png; path = kasi5.png; sourceTree = "<group>"; };
		2E417DBB2F1BE61E00D532CD /* kasi6.png */ = {isa = PBXFileReference; lastKnownFileType = image.png; path = kasi6.png; sourceTree = "<group>"; };
		2E417DBC2F1BE61E00D532CD /* kasi7.png */ = {isa = PBXFileReference; lastKnownFileType = image.png; path = kasi7.png; sourceTree = "<group>"; };
		2E417DBD2F1BE61E00D532CD /* kasi8.png */ = {isa = PBXFileReference; lastKnownFileType = image.png; path = kasi8.png; sourceTree = "<group>"; };
		2E417DBE2F1BE61E00D532CD /* kasi9.png */ = {isa = PBXFileReference; lastKnownFileType = image.png; path = kasi9.png; sourceTree = "<group>"; };
		2E417DBF2F1BE61E00D532CD /* kasi10.png */ = {isa = PBXFileReference; lastKnownFileType = image.png; path = kasi10.png; sourceTree = "<group>"; };
		2E417DC02F1BE61E00D532CD /* kasi11.png */ = {isa = PBXFileReference; lastKnownFileType = image.png; path = kasi11.png; sourceTree = "<group>"; };
		2E417DC12F1BE61E00D532CD /* kasi12.png */ = {isa = PBXFileReference; lastKnownFileType = image.png; path = kasi12.png; sourceTree = "<group>"; };
		2E417DC22F1BE61E00D532CD /* kasi13.png */ = {isa = PBXFileReference; lastKnownFileType = image.png; path = kasi13.png; sourceTree = "<group>"; };
		2E417DC42F1BE61E00D532CD /* kasapedissieru_cover.png */ = {isa = PBXFileReference; lastKnownFileType = image.png; path = kasapedissieru_cover.png; sourceTree = "<group>"; };
		2E417DE12F1BE7C000D532CD /* zpa1.mp3 */ = {isa = PBXFileReference; lastKnownFileType = audio.mp3; path = zpa1.mp3; sourceTree = "<group>"; };
		2E417DE22F1BE7C000D532CD /* zpa2.mp3 */ = {isa = PBXFileReference; lastKnownFileType = audio.mp3; path = zpa2.mp3; sourceTree = "<group>"; };
		2E417DE32F1BE7C000D532CD /* zpa3.mp3 */ = {isa = PBXFileReference; lastKnownFileType = audio.mp3; path = zpa3.mp3; sourceTree = "<group>"; };
		2E417DE42F1BE7C000D532CD /* zpa4.mp3 */ = {isa = PBXFileReference; lastKnownFileType = audio.mp3; path = zpa4.mp3; sourceTree = "<group>"; };
		2E417DE52F1BE7C000D532CD /* zpa5.mp3 */ = {isa = PBXFileReference; lastKnownFileType = audio.mp3; path = zpa5.mp3; sourceTree = "<group>"; };
		2E417DE62F1BE7C000D532CD /* zpa6.mp3 */ = {isa = PBXFileReference; lastKnownFileType = audio.mp3; path = zpa6.mp3; sourceTree = "<group>"; };
		2E417DE72F1BE7C000D532CD /* zpa7.mp3 */ = {isa = PBXFileReference; lastKnownFileType = audio.mp3; path = zpa7.mp3; sourceTree = "<group>"; };
		2E417DE82F1BE7C000D532CD /* zpa8.mp3 */ = {isa = PBXFileReference; lastKnownFileType = audio.mp3; path = zpa8.mp3; sourceTree = "<group>"; };
		2E417DE92F1BE7C000D532CD /* zpa9.mp3 */ = {isa = PBXFileReference; lastKnownFileType = audio.mp3; path = zpa9.mp3; sourceTree = "<group>"; };
		2E417DEA2F1BE7C000D532CD /* zpa10.mp3 */ = {isa = PBXFileReference; lastKnownFileType = audio.mp3; path = zpa10.mp3; sourceTree = "<group>"; };
		2E417DEB2F1BE7C000D532CD /* zpa11.mp3 */ = {isa = PBXFileReference; lastKnownFileType = audio.mp3; path = zpa11.mp3; sourceTree = "<group>"; };
		2E417DEC2F1BE7C000D532CD /* zpa12.mp3 */ = {isa = PBXFileReference; lastKnownFileType = audio.mp3; path = zpa12.mp3; sourceTree = "<group>"; };
		2E417DEE2F1BE7C000D532CD /* zpi1.png */ = {isa = PBXFileReference; lastKnownFileType = image.png; path = zpi1.png; sourceTree = "<group>"; };
		2E417DEF2F1BE7C000D532CD /* zpi2.png */ = {isa = PBXFileReference; lastKnownFileType = image.png; path = zpi2.png; sourceTree = "<group>"; };
		2E417DF02F1BE7C000D532CD /* zpi3.png */ = {isa = PBXFileReference; lastKnownFileType = image.png; path = zpi3.png; sourceTree = "<group>"; };
		2E417DF12F1BE7C000D532CD /* zpi4.png */ = {isa = PBXFileReference; lastKnownFileType = image.png; path = zpi4.png; sourceTree = "<group>"; };
		2E417DF22F1BE7C000D532CD /* zpi5.png */ = {isa = PBXFileReference; lastKnownFileType = image.png; path = zpi5.png; sourceTree = "<group>"; };
		2E417DF32F1BE7C000D532CD /* zpi6.png */ = {isa = PBXFileReference; lastKnownFileType = image.png; path = zpi6.png; sourceTree = "<group>"; };
		2E417DF42F1BE7C000D532CD /* zpi7.png */ = {isa = PBXFileReference; lastKnownFileType = image.png; path = zpi7.png; sourceTree = "<group>"; };
		2E417DF52F1BE7C000D532CD /* zpi8.png */ = {isa = PBXFileReference; lastKnownFileType = image.png; path = zpi8.png; sourceTree = "<group>"; };
		2E417DF62F1BE7C000D532CD /* zpi9.png */ = {isa = PBXFileReference; lastKnownFileType = image.png; path = zpi9.png; sourceTree = "<group>"; };
		2E417DF72F1BE7C000D532CD /* zpi10.png */ = {isa = PBXFileReference; lastKnownFileType = image.png; path = zpi10.png; sourceTree = "<group>"; };
		2E417DF82F1BE7C000D532CD /* zpi11.png */ = {isa = PBXFileReference; lastKnownFileType = image.png; path = zpi11.png; sourceTree = "<group>"; };
		2E417DF92F1BE7C000D532CD /* zpi12.png */ = {isa = PBXFileReference; lastKnownFileType = image.png; path = zpi12.png; sourceTree = "<group>"; };
		2E417DFB2F1BE7C000D532CD /* zelta_putns_cover.png */ = {isa = PBXFileReference; lastKnownFileType = image.png; path = zelta_putns_cover.png; sourceTree = "<group>"; };
		2E417E162F1BE8F500D532CD /* AudioControlButton.swift */ = {isa = PBXFileReference; lastKnownFileType = sourcecode.swift; path = AudioControlButton.swift; sourceTree = "<group>"; };
		2E417E172F1BE8F500D532CD /* NavigationButton.swift */ = {isa = PBXFileReference; lastKnownFileType = sourcecode.swift; path = NavigationButton.swift; sourceTree = "<group>"; };
		2E417E182F1BE8F500D532CD /* PageCurlView.swift */ = {isa = PBXFileReference; lastKnownFileType = sourcecode.swift; path = PageCurlView.swift; sourceTree = "<group>"; };
		2E417E192F1BE8F500D532CD /* PasakaButton.swift */ = {isa = PBXFileReference; lastKnownFileType = sourcecode.swift; path = PasakaButton.swift; sourceTree = "<group>"; };
		2E417E1A2F1BE8F500D532CD /* SlideImageView.swift */ = {isa = PBXFileReference; lastKnownFileType = sourcecode.swift; path = SlideImageView.swift; sourceTree = "<group>"; };
		2E417E1B2F1BE8F500D532CD /* StoryThumbnail.swift */ = {isa = PBXFileReference; lastKnownFileType = sourcecode.swift; path = StoryThumbnail.swift; sourceTree = "<group>"; };
		2E417E1D2F1BE8F500D532CD /* MainView.swift */ = {isa = PBXFileReference; lastKnownFileType = sourcecode.swift; path = MainView.swift; sourceTree = "<group>"; };
		2E417E1E2F1BE8F500D532CD /* SlideView.swift */ = {isa = PBXFileReference; lastKnownFileType = sourcecode.swift; path = SlideView.swift; sourceTree = "<group>"; };
		2E417E1F2F1BE8F500D532CD /* StoryMenuView.swift */ = {isa = PBXFileReference; lastKnownFileType = sourcecode.swift; path = StoryMenuView.swift; sourceTree = "<group>"; };
		2E417E212F1BE8F500D532CD /* BundleImage.swift */ = {isa = PBXFileReference; lastKnownFileType = sourcecode.swift; path = BundleImage.swift; sourceTree = "<group>"; };
		2EE8E32E2DCFA5E2000C9C40 /* Pasaka.app */ = {isa = PBXFileReference; explicitFileType = wrapper.application; includeInIndex = 0; path = Pasaka.app; sourceTree = BUILT_PRODUCTS_DIR; };
		2EE8E3312DCFA5E2000C9C40 /* PasakaApp.swift */ = {isa = PBXFileReference; lastKnownFileType = sourcecode.swift; path = PasakaApp.swift; sourceTree = "<group>"; };
		2EE8E34C2DCFAA17000C9C40 /* Slide.swift */ = {isa = PBXFileReference; lastKnownFileType = sourcecode.swift; path = Slide.swift; sourceTree = "<group>"; };
		2EE8E34D2DCFAA3A000C9C40 /* Story.swift */ = {isa = PBXFileReference; lastKnownFileType = sourcecode.swift; path = Story.swift; sourceTree = "<group>"; };
		2EE8E34E2DCFAA44000C9C40 /* MockData.swift */ = {isa = PBXFileReference; lastKnownFileType = sourcecode.swift; path = MockData.swift; sourceTree = "<group>"; };
		2EE8E34F2DCFAB63000C9C40 /* AudioService.swift */ = {isa = PBXFileReference; lastKnownFileType = sourcecode.swift; path = AudioService.swift; sourceTree = "<group>"; };
		2EE8E3502DCFABB8000C9C40 /* StoryService.swift */ = {isa = PBXFileReference; lastKnownFileType = sourcecode.swift; path = StoryService.swift; sourceTree = "<group>"; };
		2EE8E3512DCFAC46000C9C40 /* UserProgressService.swift */ = {isa = PBXFileReference; lastKnownFileType = sourcecode.swift; path = UserProgressService.swift; sourceTree = "<group>"; };
		2EE8E3522DCFAC99000C9C40 /* StoryListViewModel.swift */ = {isa = PBXFileReference; lastKnownFileType = sourcecode.swift; path = StoryListViewModel.swift; sourceTree = "<group>"; };
		2EE8E3532DCFACF1000C9C40 /* StoryPlayerViewModel.swift */ = {isa = PBXFileReference; lastKnownFileType = sourcecode.swift; path = StoryPlayerViewModel.swift; sourceTree = "<group>"; };
		2EE8E3642DCFAF6A000C9C40 /* Constants.swift */ = {isa = PBXFileReference; lastKnownFileType = sourcecode.swift; path = Constants.swift; sourceTree = "<group>"; };
		2EE8E3652DCFAF88000C9C40 /* Extensions.swift */ = {isa = PBXFileReference; lastKnownFileType = sourcecode.swift; path = Extensions.swift; sourceTree = "<group>"; };
		2EE8E3662DCFAFA7000C9C40 /* AppCoordinator.swift */ = {isa = PBXFileReference; lastKnownFileType = sourcecode.swift; path = AppCoordinator.swift; sourceTree = "<group>"; };
/* End PBXFileReference section */

/* Begin PBXFileSystemSynchronizedRootGroup section */
		2EE8E3302DCFA5E2000C9C40 /* Pasaka */ = {
			isa = PBXFileSystemSynchronizedRootGroup;
			path = Pasaka;
			sourceTree = "<group>";
		};
/* End PBXFileSystemSynchronizedRootGroup section */

/* Begin PBXFrameworksBuildPhase section */
		2EE8E32B2DCFA5E2000C9C40 /* Frameworks */ = {
			isa = PBXFrameworksBuildPhase;
			buildActionMask = 2147483647;
			files = (
			);
			runOnlyForDeploymentPostprocessing = 0;
		};
/* End PBXFrameworksBuildPhase section */

/* Begin PBXGroup section */
		2E417DB52F1BE61E00D532CD /* Audio */ = {
			isa = PBXGroup;
			children = (
				2E417DA82F1BE61E00D532CD /* kasa1.mp3 */,
				2E417DA92F1BE61E00D532CD /* kasa2.mp3 */,
				2E417DAA2F1BE61E00D532CD /* kasa3.mp3 */,
				2E417DAB2F1BE61E00D532CD /* kasa4.mp3 */,
				2E417DAC2F1BE61E00D532CD /* kasa5.mp3 */,
				2E417DAD2F1BE61E00D532CD /* kasa6.mp3 */,
				2E417DAE2F1BE61E00D532CD /* kasa7.mp3 */,
				2E417DAF2F1BE61E00D532CD /* kasa8.mp3 */,
				2E417DB02F1BE61E00D532CD /* kasa9.mp3 */,
				2E417DB12F1BE61E00D532CD /* kasa10.mp3 */,
				2E417DB22F1BE61E00D532CD /* kasa11.mp3 */,
				2E417DB32F1BE61E00D532CD /* kasa12.mp3 */,
				2E417DB42F1BE61E00D532CD /* kasa13.mp3 */,
			);
			path = Audio;
			sourceTree = "<group>";
		};
		2E417DC32F1BE61E00D532CD /* Images */ = {
			isa = PBXGroup;
			children = (
				2E417DB62F1BE61E00D532CD /* kasi1.png */,
				2E417DB72F1BE61E00D532CD /* kasi2.png */,
				2E417DB82F1BE61E00D532CD /* kasi3.png */,
				2E417DB92F1BE61E00D532CD /* kasi4.png */,
				2E417DBA2F1BE61E00D532CD /* kasi5.png */,
				2E417DBB2F1BE61E00D532CD /* kasi6.png */,
				2E417DBC2F1BE61E00D532CD /* kasi7.png */,
				2E417DBD2F1BE61E00D532CD /* kasi8.png */,
				2E417DBE2F1BE61E00D532CD /* kasi9.png */,
				2E417DBF2F1BE61E00D532CD /* kasi10.png */,
				2E417DC02F1BE61E00D532CD /* kasi11.png */,
				2E417DC12F1BE61E00D532CD /* kasi12.png */,
				2E417DC22F1BE61E00D532CD /* kasi13.png */,
			);
			path = Images;
			sourceTree = "<group>";
		};
		2E417DC52F1BE61E00D532CD /* KasApedisSieru */ = {
			isa = PBXGroup;
			children = (
				2E417DB52F1BE61E00D532CD /* Audio */,
				2E417DC32F1BE61E00D532CD /* Images */,
				2E417DC42F1BE61E00D532CD /* kasapedissieru_cover.png */,
			);
			path = KasApedisSieru;
			sourceTree = "<group>";
		};
		2E417DED2F1BE7C000D532CD /* Audio */ = {
			isa = PBXGroup;
			children = (
				2E417DE12F1BE7C000D532CD /* zpa1.mp3 */,
				2E417DE22F1BE7C000D532CD /* zpa2.mp3 */,
				2E417DE32F1BE7C000D532CD /* zpa3.mp3 */,
				2E417DE42F1BE7C000D532CD /* zpa4.mp3 */,
				2E417DE52F1BE7C000D532CD /* zpa5.mp3 */,
				2E417DE62F1BE7C000D532CD /* zpa6.mp3 */,
				2E417DE72F1BE7C000D532CD /* zpa7.mp3 */,
				2E417DE82F1BE7C000D532CD /* zpa8.mp3 */,
				2E417DE92F1BE7C000D532CD /* zpa9.mp3 */,
				2E417DEA2F1BE7C000D532CD /* zpa10.mp3 */,
				2E417DEB2F1BE7C000D532CD /* zpa11.mp3 */,
				2E417DEC2F1BE7C000D532CD /* zpa12.mp3 */,
			);
			path = Audio;
			sourceTree = "<group>";
		};
		2E417DFA2F1BE7C000D532CD /* Images */ = {
			isa = PBXGroup;
			children = (
				2E417DEE2F1BE7C000D532CD /* zpi1.png */,
				2E417DEF2F1BE7C000D532CD /* zpi2.png */,
				2E417DF02F1BE7C000D532CD /* zpi3.png */,
				2E417DF12F1BE7C000D532CD /* zpi4.png */,
				2E417DF22F1BE7C000D532CD /* zpi5.png */,
				2E417DF32F1BE7C000D532CD /* zpi6.png */,
				2E417DF42F1BE7C000D532CD /* zpi7.png */,
				2E417DF52F1BE7C000D532CD /* zpi8.png */,
				2E417DF62F1BE7C000D532CD /* zpi9.png */,
				2E417DF72F1BE7C000D532CD /* zpi10.png */,
				2E417DF82F1BE7C000D532CD /* zpi11.png */,
				2E417DF92F1BE7C000D532CD /* zpi12.png */,
			);
			path = Images;
			sourceTree = "<group>";
		};
		2E417DFC2F1BE7C000D532CD /* ZeltaPutns */ = {
			isa = PBXGroup;
			children = (
				2E417DED2F1BE7C000D532CD /* Audio */,
				2E417DFA2F1BE7C000D532CD /* Images */,
				2E417DFB2F1BE7C000D532CD /* zelta_putns_cover.png */,
			);
			path = ZeltaPutns;
			sourceTree = "<group>";
		};
		2E417E1C2F1BE8F500D532CD /* Components */ = {
			isa = PBXGroup;
			children = (
				2E417E162F1BE8F500D532CD /* AudioControlButton.swift */,
				2E417E172F1BE8F500D532CD /* NavigationButton.swift */,
				2E417E182F1BE8F500D532CD /* PageCurlView.swift */,
				2E417E192F1BE8F500D532CD /* PasakaButton.swift */,
				2E417E1A2F1BE8F500D532CD /* SlideImageView.swift */,
				2E417E1B2F1BE8F500D532CD /* StoryThumbnail.swift */,
			);
			path = Components;
			sourceTree = "<group>";
		};
		2E417E202F1BE8F500D532CD /* Screens */ = {
			isa = PBXGroup;
			children = (
				2E417E1D2F1BE8F500D532CD /* MainView.swift */,
				2E417E1E2F1BE8F500D532CD /* SlideView.swift */,
				2E417E1F2F1BE8F500D532CD /* StoryMenuView.swift */,
			);
			path = Screens;
			sourceTree = "<group>";
		};
		2E417E222F1BE8F500D532CD /* Views */ = {
			isa = PBXGroup;
			children = (
				2E417E1C2F1BE8F500D532CD /* Components */,
				2E417E202F1BE8F500D532CD /* Screens */,
				2E417E212F1BE8F500D532CD /* BundleImage.swift */,
			);
			path = Views;
			sourceTree = "<group>";
		};
		2EE8E3252DCFA5E2000C9C40 = {
			isa = PBXGroup;
			children = (
				2EE8E3402DCFA805000C9C40 /* Models */,
				2EE8E3452DCFA894000C9C40 /* Resources */,
				2E417E222F1BE8F500D532CD /* Views */,
				2EE8E3432DCFA880000C9C40 /* Services */,
				2EE8E3442DCFA88C000C9C40 /* Utils */,
				2EE8E3422DCFA875000C9C40 /* ViewModels */,
				2EE8E33F2DCFA7F9000C9C40 /* App */,
				2EE8E3302DCFA5E2000C9C40 /* Pasaka */,
				2EE8E32F2DCFA5E2000C9C40 /* Products */,
			);
			sourceTree = "<group>";
		};
		2EE8E32F2DCFA5E2000C9C40 /* Products */ = {
			isa = PBXGroup;
			children = (
				2EE8E32E2DCFA5E2000C9C40 /* Pasaka.app */,
			);
			name = Products;
			sourceTree = "<group>";
		};
		2EE8E33F2DCFA7F9000C9C40 /* App */ = {
			isa = PBXGroup;
			children = (
				2EE8E3662DCFAFA7000C9C40 /* AppCoordinator.swift */,
				2EE8E3312DCFA5E2000C9C40 /* PasakaApp.swift */,
			);
			path = App;
			sourceTree = "<group>";
		};
		2EE8E3402DCFA805000C9C40 /* Models */ = {
			isa = PBXGroup;
			children = (
				2EE8E34E2DCFAA44000C9C40 /* MockData.swift */,
				2EE8E34D2DCFAA3A000C9C40 /* Story.swift */,
				2EE8E34C2DCFAA17000C9C40 /* Slide.swift */,
			);
			path = Models;
			sourceTree = "<group>";
		};
		2EE8E3422DCFA875000C9C40 /* ViewModels */ = {
			isa = PBXGroup;
			children = (
				2EE8E3532DCFACF1000C9C40 /* StoryPlayerViewModel.swift */,
				2EE8E3522DCFAC99000C9C40 /* StoryListViewModel.swift */,
			);
			path = ViewModels;
			sourceTree = "<group>";
		};
		2EE8E3432DCFA880000C9C40 /* Services */ = {
			isa = PBXGroup;
			children = (
				2EE8E3512DCFAC46000C9C40 /* UserProgressService.swift */,
				2EE8E3502DCFABB8000C9C40 /* StoryService.swift */,
				2EE8E34F2DCFAB63000C9C40 /* AudioService.swift */,
			);
			path = Services;
			sourceTree = "<group>";
		};
		2EE8E3442DCFA88C000C9C40 /* Utils */ = {
			isa = PBXGroup;
			children = (
				2EE8E3652DCFAF88000C9C40 /* Extensions.swift */,
				2EE8E3642DCFAF6A000C9C40 /* Constants.swift */,
			);
			path = Utils;
			sourceTree = "<group>";
		};
		2EE8E3452DCFA894000C9C40 /* Resources */ = {
			isa = PBXGroup;
			children = (
				2EE8E3482DCFA8BD000C9C40 /* Stories */,
			);
			path = Resources;
			sourceTree = "<group>";
		};
		2EE8E3482DCFA8BD000C9C40 /* Stories */ = {
			isa = PBXGroup;
			children = (
				2E417DFC2F1BE7C000D532CD /* ZeltaPutns */,
				2E417DC52F1BE61E00D532CD /* KasApedisSieru */,
			);
			path = Stories;
			sourceTree = "<group>";
		};
/* End PBXGroup section */

/* Begin PBXNativeTarget section */
		2EE8E32D2DCFA5E2000C9C40 /* Pasaka */ = {
			isa = PBXNativeTarget;
			buildConfigurationList = 2EE8E3392DCFA5E2000C9C40 /* Build configuration list for PBXNativeTarget "Pasaka" */;
			buildPhases = (
				2EE8E32A2DCFA5E2000C9C40 /* Sources */,
				2EE8E32B2DCFA5E2000C9C40 /* Frameworks */,
				2EE8E32C2DCFA5E2000C9C40 /* Resources */,
			);
			buildRules = (
			);
			dependencies = (
			);
			fileSystemSynchronizedGroups = (
				2EE8E3302DCFA5E2000C9C40 /* Pasaka */,
			);
			name = Pasaka;
			packageProductDependencies = (
			);
			productName = Pasaka;
			productReference = 2EE8E32E2DCFA5E2000C9C40 /* Pasaka.app */;
			productType = "com.apple.product-type.application";
		};
/* End PBXNativeTarget section */

/* Begin PBXProject section */
		2EE8E3262DCFA5E2000C9C40 /* Project object */ = {
			isa = PBXProject;
			attributes = {
				BuildIndependentTargetsInParallel = 1;
				LastSwiftUpdateCheck = 1630;
				LastUpgradeCheck = 1630;
				TargetAttributes = {
					2EE8E32D2DCFA5E2000C9C40 = {
						CreatedOnToolsVersion = 16.3;
					};
				};
			};
			buildConfigurationList = 2EE8E3292DCFA5E2000C9C40 /* Build configuration list for PBXProject "Pasaka" */;
			developmentRegion = en;
			hasScannedForEncodings = 0;
			knownRegions = (
				en,
				Base,
			);
			mainGroup = 2EE8E3252DCFA5E2000C9C40;
			minimizedProjectReferenceProxies = 1;
			preferredProjectObjectVersion = 77;
			productRefGroup = 2EE8E32F2DCFA5E2000C9C40 /* Products */;
			projectDirPath = "";
			projectRoot = "";
			targets = (
				2EE8E32D2DCFA5E2000C9C40 /* Pasaka */,
			);
		};
/* End PBXProject section */

/* Begin PBXResourcesBuildPhase section */
		2EE8E32C2DCFA5E2000C9C40 /* Resources */ = {
			isa = PBXResourcesBuildPhase;
			buildActionMask = 2147483647;
			files = (
				2E417DC62F1BE61E00D532CD /* kasa1.mp3 in Resources */,
				2E417DC72F1BE61E00D532CD /* kasi11.png in Resources */,
				2E417DC82F1BE61E00D532CD /* kasi13.png in Resources */,
				2E417DC92F1BE61E00D532CD /* kasi4.png in Resources */,
				2E417DCA2F1BE61E00D532CD /* kasi2.png in Resources */,
				2E417DCB2F1BE61E00D532CD /* kasa6.mp3 in Resources */,
				2E417DCC2F1BE61E00D532CD /* kasa3.mp3 in Resources */,
				2E417DCD2F1BE61E00D532CD /* kasa8.mp3 in Resources */,
				2E417DCE2F1BE61E00D532CD /* kasa13.mp3 in Resources */,
				2E417DCF2F1BE61E00D532CD /* kasi12.png in Resources */,
				2E417DD02F1BE61E00D532CD /* kasa2.mp3 in Resources */,
				2E417DFD2F1BE7C000D532CD /* zpa6.mp3 in Resources */,
				2E417DFE2F1BE7C000D532CD /* zpi3.png in Resources */,
				2E417DFF2F1BE7C000D532CD /* zpa1.mp3 in Resources */,
				2E417E002F1BE7C000D532CD /* zpi6.png in Resources */,
				2E417E012F1BE7C000D532CD /* zpi9.png in Resources */,
				2E417E022F1BE7C000D532CD /* zpa11.mp3 in Resources */,
				2E417E032F1BE7C000D532CD /* zpa2.mp3 in Resources */,
				2E417E042F1BE7C000D532CD /* zpi1.png in Resources */,
				2E417E052F1BE7C000D532CD /* zelta_putns_cover.png in Resources */,
				2E417E062F1BE7C000D532CD /* zpi12.png in Resources */,
				2E417E072F1BE7C000D532CD /* zpi5.png in Resources */,
				2E417E082F1BE7C000D532CD /* zpi2.png in Resources */,
				2E417E092F1BE7C000D532CD /* zpi7.png in Resources */,
				2E417E0A2F1BE7C000D532CD /* zpa5.mp3 in Resources */,
				2E417E0B2F1BE7C000D532CD /* zpa10.mp3 in Resources */,
				2E417E0C2F1BE7C000D532CD /* zpa7.mp3 in Resources */,
				2E417E0D2F1BE7C000D532CD /* zpi8.png in Resources */,
				2E417E0E2F1BE7C000D532CD /* zpa8.mp3 in Resources */,
				2E417E0F2F1BE7C000D532CD /* zpi10.png in Resources */,
				2E417E102F1BE7C000D532CD /* zpi4.png in Resources */,
				2E417E112F1BE7C000D532CD /* zpa4.mp3 in Resources */,
				2E417E122F1BE7C000D532CD /* zpi11.png in Resources */,
				2E417E132F1BE7C000D532CD /* zpa12.mp3 in Resources */,
				2E417E142F1BE7C000D532CD /* zpa9.mp3 in Resources */,
				2E417E152F1BE7C000D532CD /* zpa3.mp3 in Resources */,
				2E417DD12F1BE61E00D532CD /* kasi1.png in Resources */,
				2E417DD22F1BE61E00D532CD /* kasapedissieru_cover.png in Resources */,
				2E417DD32F1BE61E00D532CD /* kasa11.mp3 in Resources */,
				2E417DD42F1BE61E00D532CD /* kasa7.mp3 in Resources */,
				2E417DD52F1BE61E00D532CD /* kasi10.png in Resources */,
				2E417DD62F1BE61E00D532CD /* kasa10.mp3 in Resources */,
				2E417DD72F1BE61E00D532CD /* kasi9.png in Resources */,
				2E417DD82F1BE61E00D532CD /* kasi8.png in Resources */,
				2E417DD92F1BE61E00D532CD /* kasi5.png in Resources */,
				2E417DDA2F1BE61E00D532CD /* kasi7.png in Resources */,
				2E417DDB2F1BE61E00D532CD /* kasa4.mp3 in Resources */,
				2E417DDC2F1BE61E00D532CD /* kasa5.mp3 in Resources */,
				2E417DDD2F1BE61E00D532CD /* kasa9.mp3 in Resources */,
				2E417DDE2F1BE61E00D532CD /* kasa12.mp3 in Resources */,
				2E417DDF2F1BE61E00D532CD /* kasi6.png in Resources */,
				2E417DE02F1BE61E00D532CD /* kasi3.png in Resources */,
			);
			runOnlyForDeploymentPostprocessing = 0;
		};
/* End PBXResourcesBuildPhase section */

/* Begin PBXSourcesBuildPhase section */
		2EE8E32A2DCFA5E2000C9C40 /* Sources */ = {
			isa = PBXSourcesBuildPhase;
			buildActionMask = 2147483647;
			files = (
				2EE8E3322DCFA5E2000C9C40 /* PasakaApp.swift in Sources */,
				2E5359A82DD0C5DF00DFA931 /* Slide.swift in Sources */,
				2E5359AA2DD0C67E00DFA931 /* MockData.swift in Sources */,
				2E5359A92DD0C67800DFA931 /* Story.swift in Sources */,
				2E417E232F1BE8F500D532CD /* BundleImage.swift in Sources */,
				2E417E242F1BE8F500D532CD /* SlideView.swift in Sources */,
				2E417E252F1BE8F500D532CD /* MainView.swift in Sources */,
				2E417E262F1BE8F500D532CD /* SlideImageView.swift in Sources */,
				2E417E272F1BE8F500D532CD /* PasakaButton.swift in Sources */,
				2E417E282F1BE8F500D532CD /* NavigationButton.swift in Sources */,
				2E417E292F1BE8F500D532CD /* PageCurlView.swift in Sources */,
				2E417E2A2F1BE8F500D532CD /* StoryMenuView.swift in Sources */,
				2E417E2B2F1BE8F500D532CD /* AudioControlButton.swift in Sources */,
				2E417E2C2F1BE8F500D532CD /* StoryThumbnail.swift in Sources */,
				2E5359AE2DD0C86F00DFA931 /* StoryListViewModel.swift in Sources */,
				2E5359AF2DD0C87300DFA931 /* StoryPlayerViewModel.swift in Sources */,
				2E5359AB2DD0C84000DFA931 /* UserProgressService.swift in Sources */,
				2EE8E3672DCFAFAA000C9C40 /* AppCoordinator.swift in Sources */,
				2E5359AD2DD0C85900DFA931 /* AudioService.swift in Sources */,
				2E5359AC2DD0C84600DFA931 /* StoryService.swift in Sources */,
			);
			runOnlyForDeploymentPostprocessing = 0;
		};
/* End PBXSourcesBuildPhase section */

/* Begin XCBuildConfiguration section */
		2EE8E3372DCFA5E2000C9C40 /* Debug */ = {
			isa = XCBuildConfiguration;
			buildSettings = {
				ALWAYS_SEARCH_USER_PATHS = NO;
				ASSETCATALOG_COMPILER_GENERATE_SWIFT_ASSET_SYMBOL_EXTENSIONS = YES;
				CLANG_ANALYZER_NONNULL = YES;
				CLANG_ANALYZER_NUMBER_OBJECT_CONVERSION = YES_AGGRESSIVE;
				CLANG_CXX_LANGUAGE_STANDARD = "gnu++20";
				CLANG_ENABLE_MODULES = YES;
				CLANG_ENABLE_OBJC_ARC = YES;
				CLANG_ENABLE_OBJC_WEAK = YES;
				CLANG_WARN_BLOCK_CAPTURE_AUTORELEASING = YES;
				CLANG_WARN_BOOL_CONVERSION = YES;
				CLANG_WARN_COMMA = YES;
				CLANG_WARN_CONSTANT_CONVERSION = YES;
				CLANG_WARN_DEPRECATED_OBJC_IMPLEMENTATIONS = YES;
				CLANG_WARN_DIRECT_OBJC_ISA_USAGE = YES_ERROR;
				CLANG_WARN_DOCUMENTATION_COMMENTS = YES;
				CLANG_WARN_EMPTY_BODY = YES;
				CLANG_WARN_ENUM_CONVERSION = YES;
				CLANG_WARN_INFINITE_RECURSION = YES;
				CLANG_WARN_INT_CONVERSION = YES;
				CLANG_WARN_NON_LITERAL_NULL_CONVERSION = YES;
				CLANG_WARN_OBJC_IMPLICIT_RETAIN_SELF = YES;
				CLANG_WARN_OBJC_LITERAL_CONVERSION = YES;
				CLANG_WARN_OBJC_ROOT_CLASS = YES_ERROR;
				CLANG_WARN_QUOTED_INCLUDE_IN_FRAMEWORK_HEADER = YES;
				CLANG_WARN_RANGE_LOOP_ANALYSIS = YES;
				CLANG_WARN_STRICT_PROTOTYPES = YES;
				CLANG_WARN_SUSPICIOUS_MOVE = YES;
				CLANG_WARN_UNGUARDED_AVAILABILITY = YES_AGGRESSIVE;
				CLANG_WARN_UNREACHABLE_CODE = YES;
				CLANG_WARN__DUPLICATE_METHOD_MATCH = YES;
				COPY_PHASE_STRIP = NO;
				DEBUG_INFORMATION_FORMAT = dwarf;
				DEVELOPMENT_TEAM = T5QVP7SZ6M;
				ENABLE_STRICT_OBJC_MSGSEND = YES;
				ENABLE_TESTABILITY = YES;
				ENABLE_USER_SCRIPT_SANDBOXING = YES;
				GCC_C_LANGUAGE_STANDARD = gnu17;
				GCC_DYNAMIC_NO_PIC = NO;
				GCC_NO_COMMON_BLOCKS = YES;
				GCC_OPTIMIZATION_LEVEL = 0;
				GCC_PREPROCESSOR_DEFINITIONS = (
					"DEBUG=1",
					"$(inherited)",
				);
				GCC_WARN_64_TO_32_BIT_CONVERSION = YES;
				GCC_WARN_ABOUT_RETURN_TYPE = YES_ERROR;
				GCC_WARN_UNDECLARED_SELECTOR = YES;
				GCC_WARN_UNINITIALIZED_AUTOS = YES_AGGRESSIVE;
				GCC_WARN_UNUSED_FUNCTION = YES;
				GCC_WARN_UNUSED_VARIABLE = YES;
				IPHONEOS_DEPLOYMENT_TARGET = 18.4;
				LOCALIZATION_PREFERS_STRING_CATALOGS = YES;
				MTL_ENABLE_DEBUG_INFO = INCLUDE_SOURCE;
				MTL_FAST_MATH = YES;
				ONLY_ACTIVE_ARCH = YES;
				SDKROOT = iphoneos;
				SWIFT_ACTIVE_COMPILATION_CONDITIONS = "DEBUG $(inherited)";
				SWIFT_OPTIMIZATION_LEVEL = "-Onone";
			};
			name = Debug;
		};
		2EE8E3382DCFA5E2000C9C40 /* Release */ = {
			isa = XCBuildConfiguration;
			buildSettings = {
				ALWAYS_SEARCH_USER_PATHS = NO;
				ASSETCATALOG_COMPILER_GENERATE_SWIFT_ASSET_SYMBOL_EXTENSIONS = YES;
				CLANG_ANALYZER_NONNULL = YES;
				CLANG_ANALYZER_NUMBER_OBJECT_CONVERSION = YES_AGGRESSIVE;
				CLANG_CXX_LANGUAGE_STANDARD = "gnu++20";
				CLANG_ENABLE_MODULES = YES;
				CLANG_ENABLE_OBJC_ARC = YES;
				CLANG_ENABLE_OBJC_WEAK = YES;
				CLANG_WARN_BLOCK_CAPTURE_AUTORELEASING = YES;
				CLANG_WARN_BOOL_CONVERSION = YES;
				CLANG_WARN_COMMA = YES;
				CLANG_WARN_CONSTANT_CONVERSION = YES;
				CLANG_WARN_DEPRECATED_OBJC_IMPLEMENTATIONS = YES;
				CLANG_WARN_DIRECT_OBJC_ISA_USAGE = YES_ERROR;
				CLANG_WARN_DOCUMENTATION_COMMENTS = YES;
				CLANG_WARN_EMPTY_BODY = YES;
				CLANG_WARN_ENUM_CONVERSION = YES;
				CLANG_WARN_INFINITE_RECURSION = YES;
				CLANG_WARN_INT_CONVERSION = YES;
				CLANG_WARN_NON_LITERAL_NULL_CONVERSION = YES;
				CLANG_WARN_OBJC_IMPLICIT_RETAIN_SELF = YES;
				CLANG_WARN_OBJC_LITERAL_CONVERSION = YES;
				CLANG_WARN_OBJC_ROOT_CLASS = YES_ERROR;
				CLANG_WARN_QUOTED_INCLUDE_IN_FRAMEWORK_HEADER = YES;
				CLANG_WARN_RANGE_LOOP_ANALYSIS = YES;
				CLANG_WARN_STRICT_PROTOTYPES = YES;
				CLANG_WARN_SUSPICIOUS_MOVE = YES;
				CLANG_WARN_UNGUARDED_AVAILABILITY = YES_AGGRESSIVE;
				CLANG_WARN_UNREACHABLE_CODE = YES;
				CLANG_WARN__DUPLICATE_METHOD_MATCH = YES;
				COPY_PHASE_STRIP = NO;
				DEBUG_INFORMATION_FORMAT = "dwarf-with-dsym";
				DEVELOPMENT_TEAM = T5QVP7SZ6M;
				ENABLE_NS_ASSERTIONS = NO;
				ENABLE_STRICT_OBJC_MSGSEND = YES;
				ENABLE_USER_SCRIPT_SANDBOXING = YES;
				GCC_C_LANGUAGE_STANDARD = gnu17;
				GCC_NO_COMMON_BLOCKS = YES;
				GCC_WARN_64_TO_32_BIT_CONVERSION = YES;
				GCC_WARN_ABOUT_RETURN_TYPE = YES_ERROR;
				GCC_WARN_UNDECLARED_SELECTOR = YES;
				GCC_WARN_UNINITIALIZED_AUTOS = YES_AGGRESSIVE;
				GCC_WARN_UNUSED_FUNCTION = YES;
				GCC_WARN_UNUSED_VARIABLE = YES;
				IPHONEOS_DEPLOYMENT_TARGET = 18.4;
				LOCALIZATION_PREFERS_STRING_CATALOGS = YES;
				MTL_ENABLE_DEBUG_INFO = NO;
				MTL_FAST_MATH = YES;
				SDKROOT = iphoneos;
				SWIFT_COMPILATION_MODE = wholemodule;
				VALIDATE_PRODUCT = YES;
			};
			name = Release;
		};
		2EE8E33A2DCFA5E2000C9C40 /* Debug */ = {
			isa = XCBuildConfiguration;
			buildSettings = {
				ASSETCATALOG_COMPILER_APPICON_NAME = AppIcon;
				ASSETCATALOG_COMPILER_GLOBAL_ACCENT_COLOR_NAME = AccentColor;
				CODE_SIGN_STYLE = Automatic;
				CURRENT_PROJECT_VERSION = 1;
				DEVELOPMENT_TEAM = T5QVP7SZ6M;
				ENABLE_PREVIEWS = YES;
				GENERATE_INFOPLIST_FILE = YES;
				INFOPLIST_KEY_UIApplicationSceneManifest_Generation = YES;
				INFOPLIST_KEY_UIApplicationSupportsIndirectInputEvents = YES;
				INFOPLIST_KEY_UILaunchScreen_Generation = YES;
				INFOPLIST_KEY_UISupportedInterfaceOrientations = "UIInterfaceOrientationLandscapeLeft UIInterfaceOrientationLandscapeRight";
				IPHONEOS_DEPLOYMENT_TARGET = 16.6;
				LD_RUNPATH_SEARCH_PATHS = (
					"$(inherited)",
					"@executable_path/Frameworks",
				);
				MARKETING_VERSION = 1.0;
				PRODUCT_BUNDLE_IDENTIFIER = com.divanovs.Pasaka;
				PRODUCT_NAME = "$(TARGET_NAME)";
				SUPPORTED_PLATFORMS = "iphoneos iphonesimulator";
				SUPPORTS_MACCATALYST = NO;
				SUPPORTS_MAC_DESIGNED_FOR_IPHONE_IPAD = NO;
				SUPPORTS_XR_DESIGNED_FOR_IPHONE_IPAD = NO;
				SWIFT_EMIT_LOC_STRINGS = YES;
				SWIFT_VERSION = 5.0;
				TARGETED_DEVICE_FAMILY = "1,2";
			};
			name = Debug;
		};
		2EE8E33B2DCFA5E2000C9C40 /* Release */ = {
			isa = XCBuildConfiguration;
			buildSettings = {
				ASSETCATALOG_COMPILER_APPICON_NAME = AppIcon;
				ASSETCATALOG_COMPILER_GLOBAL_ACCENT_COLOR_NAME = AccentColor;
				CODE_SIGN_STYLE = Automatic;
				CURRENT_PROJECT_VERSION = 1;
				DEVELOPMENT_TEAM = T5QVP7SZ6M;
				ENABLE_PREVIEWS = YES;
				GENERATE_INFOPLIST_FILE = YES;
				INFOPLIST_KEY_UIApplicationSceneManifest_Generation = YES;
				INFOPLIST_KEY_UIApplicationSupportsIndirectInputEvents = YES;
				INFOPLIST_KEY_UILaunchScreen_Generation = YES;
				INFOPLIST_KEY_UISupportedInterfaceOrientations = "UIInterfaceOrientationLandscapeLeft UIInterfaceOrientationLandscapeRight";
				IPHONEOS_DEPLOYMENT_TARGET = 16.6;
				LD_RUNPATH_SEARCH_PATHS = (
					"$(inherited)",
					"@executable_path/Frameworks",
				);
				MARKETING_VERSION = 1.0;
				PRODUCT_BUNDLE_IDENTIFIER = com.divanovs.Pasaka;
				PRODUCT_NAME = "$(TARGET_NAME)";
				SUPPORTED_PLATFORMS = "iphoneos iphonesimulator";
				SUPPORTS_MACCATALYST = NO;
				SUPPORTS_MAC_DESIGNED_FOR_IPHONE_IPAD = NO;
				SUPPORTS_XR_DESIGNED_FOR_IPHONE_IPAD = NO;
				SWIFT_EMIT_LOC_STRINGS = YES;
				SWIFT_VERSION = 5.0;
				TARGETED_DEVICE_FAMILY = "1,2";
			};
			name = Release;
		};
/* End XCBuildConfiguration section */

/* Begin XCConfigurationList section */
		2EE8E3292DCFA5E2000C9C40 /* Build configuration list for PBXProject "Pasaka" */ = {
			isa = XCConfigurationList;
			buildConfigurations = (
				2EE8E3372DCFA5E2000C9C40 /* Debug */,
				2EE8E3382DCFA5E2000C9C40 /* Release */,
			);
			defaultConfigurationIsVisible = 0;
			defaultConfigurationName = Release;
		};
		2EE8E3392DCFA5E2000C9C40 /* Build configuration list for PBXNativeTarget "Pasaka" */ = {
			isa = XCConfigurationList;
			buildConfigurations = (
				2EE8E33A2DCFA5E2000C9C40 /* Debug */,
				2EE8E33B2DCFA5E2000C9C40 /* Release */,
			);
			defaultConfigurationIsVisible = 0;
			defaultConfigurationName = Release;
		};
/* End XCConfigurationList section */
	};
	rootObject = 2EE8E3262DCFA5E2000C9C40 /* Project object */;
}
